
Microsoft Visual Studio Solution File, Format Version 12.00
# Visual Studio 14
VisualStudioVersion = 14.0.25420.1
MinimumVisualStudioVersion = 10.0.40219.1
Project("{FAE04EC0-301F-11D3-BF4B-00C04F79EFBC}") = "SqlSync.Common", "SqlSync.Common\SqlSync.Common.csproj", "{0274EA17-BCC1-4C07-9C64-0E34C8E42F6C}"
EndProject
Project("{FAE04EC0-301F-11D3-BF4B-00C04F79EFBC}") = "SqlSync.Model", "SqlSync.Model\SqlSync.Model.csproj", "{97A7A625-58D4-446D-90EE-B8ECA43FBE10}"
EndProject
Project("{FAE04EC0-301F-11D3-BF4B-00C04F79EFBC}") = "SqlSync.BL", "SqlSync.BL\SqlSync.BL.csproj", "{90126CA3-3475-4B12-8D64-05B32DEFEC6A}"
EndProject
Project("{FAE04EC0-301F-11D3-BF4B-00C04F79EFBC}") = "SqlSync.SP", "SqlSync.SP\SqlSync.SP.csproj", "{5A1DCCEC-D347-491C-B1CF-7519533A656B}"
EndProject
Project("{2150E333-8FDC-42A3-9474-1A3956D46DE8}") = "Deploy", "Deploy", "{9CBA38B8-3068-4954-B91C-0FA9FF2B998F}"
	ProjectSection(SolutionItems) = preProject
		SqlSync.WSP\SqlSync.SP.wsp = SqlSync.WSP\SqlSync.SP.wsp
		SqlSync.Script\Tables.sql = SqlSync.Script\Tables.sql
	EndProjectSection
EndProject
Global
	GlobalSection(SolutionConfigurationPlatforms) = preSolution
		Debug|Any CPU = Debug|Any CPU
		Release|Any CPU = Release|Any CPU
	EndGlobalSection
	GlobalSection(ProjectConfigurationPlatforms) = postSolution
		{0274EA17-BCC1-4C07-9C64-0E34C8E42F6C}.Debug|Any CPU.ActiveCfg = Debug|Any CPU
		{0274EA17-BCC1-4C07-9C64-0E34C8E42F6C}.Debug|Any CPU.Build.0 = Debug|Any CPU
		{0274EA17-BCC1-4C07-9C64-0E34C8E42F6C}.Release|Any CPU.ActiveCfg = Release|Any CPU
		{0274EA17-BCC1-4C07-9C64-0E34C8E42F6C}.Release|Any CPU.Build.0 = Release|Any CPU
		{97A7A625-58D4-446D-90EE-B8ECA43FBE10}.Debug|Any CPU.ActiveCfg = Debug|Any CPU
		{97A7A625-58D4-446D-90EE-B8ECA43FBE10}.Debug|Any CPU.Build.0 = Debug|Any CPU
		{97A7A625-58D4-446D-90EE-B8ECA43FBE10}.Release|Any CPU.ActiveCfg = Release|Any CPU
		{97A7A625-58D4-446D-90EE-B8ECA43FBE10}.Release|Any CPU.Build.0 = Release|Any CPU
		{90126CA3-3475-4B12-8D64-05B32DEFEC6A}.Debug|Any CPU.ActiveCfg = Debug|Any CPU
		{90126CA3-3475-4B12-8D64-05B32DEFEC6A}.Debug|Any CPU.Build.0 = Debug|Any CPU
		{90126CA3-3475-4B12-8D64-05B32DEFEC6A}.Release|Any CPU.ActiveCfg = Release|Any CPU
		{90126CA3-3475-4B12-8D64-05B32DEFEC6A}.Release|Any CPU.Build.0 = Release|Any CPU
		{5A1DCCEC-D347-491C-B1CF-7519533A656B}.Debug|Any CPU.ActiveCfg = Debug|Any CPU
		{5A1DCCEC-D347-491C-B1CF-7519533A656B}.Debug|Any CPU.Build.0 = Debug|Any CPU
		{5A1DCCEC-D347-491C-B1CF-7519533A656B}.Debug|Any CPU.Deploy.0 = Debug|Any CPU
		{5A1DCCEC-D347-491C-B1CF-7519533A656B}.Release|Any CPU.ActiveCfg = Release|Any CPU
		{5A1DCCEC-D347-491C-B1CF-7519533A656B}.Release|Any CPU.Build.0 = Release|Any CPU
		{5A1DCCEC-D347-491C-B1CF-7519533A656B}.Release|Any CPU.Deploy.0 = Release|Any CPU
	EndGlobalSection
	GlobalSection(SolutionProperties) = preSolution
		HideSolutionNode = FALSE
	EndGlobalSection
	GlobalSection(TeamFoundationVersionControl) = preSolution
		SccNumberOfProjects = 5
		SccEnterpriseProvider = {4CA58AB2-18FA-4F8D-95D4-32DDF27D184C}
		SccTeamFoundationServer = https://tcdev1.visualstudio.com/
		SccProjectUniqueName0 = SqlSync.Model\\SqlSync.Model.csproj
		SccProjectName0 = SqlSync.Model
		SccLocalPath0 = SqlSync.Model
		SccProjectUniqueName1 = SqlSync.SP\\SqlSync.SP.csproj
		SccProjectName1 = SqlSync.SP
		SccLocalPath1 = SqlSync.SP
		SccLocalPath2 = .
		SccProjectUniqueName3 = SqlSync.BL\\SqlSync.BL.csproj
		SccProjectName3 = SqlSync.BL
		SccLocalPath3 = SqlSync.BL
		SccProjectUniqueName4 = SqlSync.Common\\SqlSync.Common.csproj
		SccProjectName4 = SqlSync.Common
		SccLocalPath4 = SqlSync.Common
	EndGlobalSection
EndGlobal
